
Microsoft Visual Studio Solution File, Format Version 11.00
# Visual Studio 2010
Project("{E24C65DC-7377-472B-9ABA-BC803B73C61A}") = "Sales_Galeral", "Sales_Galeral\", "{DF810723-8E7F-47CC-88E1-C063B2713572}"
	ProjectSection(WebsiteProperties) = preProject
		TargetFrameworkMoniker = ".NETFramework,Version%3Dv4.0"
		Debug.AspNetCompiler.VirtualPath = "/Sales_Galeral"
		Debug.AspNetCompiler.PhysicalPath = "D:\Du An Web\TuanEmAnhNhat\web-ban-hang\Sales_Galeral\"
		Debug.AspNetCompiler.TargetPath = "PrecompiledWeb\Sales_Galeral\"
		Debug.AspNetCompiler.Updateable = "true"
		Debug.AspNetCompiler.ForceOverwrite = "true"
		Debug.AspNetCompiler.FixedNames = "false"
		Debug.AspNetCompiler.Debug = "True"
		Release.AspNetCompiler.VirtualPath = "/Sales_Galeral"
		Release.AspNetCompiler.PhysicalPath = "D:\Du An Web\TuanEmAnhNhat\web-ban-hang\Sales_Galeral\"
		Release.AspNetCompiler.TargetPath = "PrecompiledWeb\Sales_Galeral\"
		Release.AspNetCompiler.Updateable = "true"
		Release.AspNetCompiler.ForceOverwrite = "true"
		Release.AspNetCompiler.FixedNames = "false"
		Release.AspNetCompiler.Debug = "False"
		VWDPort = "49910"
	EndProjectSection
EndProject
Global
	GlobalSection(SolutionConfigurationPlatforms) = preSolution
		Debug|Any CPU = Debug|Any CPU
	EndGlobalSection
	GlobalSection(ProjectConfigurationPlatforms) = postSolution
		{DF810723-8E7F-47CC-88E1-C063B2713572}.Debug|Any CPU.ActiveCfg = Debug|Any CPU
		{DF810723-8E7F-47CC-88E1-C063B2713572}.Debug|Any CPU.Build.0 = Debug|Any CPU
	EndGlobalSection
	GlobalSection(SolutionProperties) = preSolution
		HideSolutionNode = FALSE
	EndGlobalSection
EndGlobal
